
Microsoft Visual Studio Solution File, Format Version 12.00
# Visual Studio Version 17
VisualStudioVersion = 17.0.31919.166
MinimumVisualStudioVersion = 10.0.40219.1
Project("{FAE04EC0-301F-11D3-BF4B-00C04F79EFBC}") = "gentelella_project", "gentelella_project.csproj", "{DB508758-3B7F-448D-9CA6-9756510A4EC2}"
EndProject
Global
	GlobalSection(SolutionConfigurationPlatforms) = preSolution
		Debug|Any CPU = Debug|Any CPU
		Release|Any CPU = Release|Any CPU
	EndGlobalSection
	GlobalSection(ProjectConfigurationPlatforms) = postSolution
		{DB508758-3B7F-448D-9CA6-9756510A4EC2}.Debug|Any CPU.ActiveCfg = Debug|Any CPU
		{DB508758-3B7F-448D-9CA6-9756510A4EC2}.Debug|Any CPU.Build.0 = Debug|Any CPU
		{DB508758-3B7F-448D-9CA6-9756510A4EC2}.Release|Any CPU.ActiveCfg = Release|Any CPU
		{DB508758-3B7F-448D-9CA6-9756510A4EC2}.Release|Any CPU.Build.0 = Release|Any CPU
	EndGlobalSection
	GlobalSection(SolutionProperties) = preSolution
		HideSolutionNode = FALSE
	EndGlobalSection
	GlobalSection(ExtensibilityGlobals) = postSolution
		SolutionGuid = {BBFF2AD4-9487-4917-B938-F425FAC3ADAE}
	EndGlobalSection
EndGlobal
